dependencies:
  espressif/esp-idf-cxx:
    component_hash: 2fa63e4e725f0c2d3dd6d99da8a91d404b4b49667088b1be0f336eb9c13ff17f
    dependencies:
    - name: idf
      registry_url: https://components.espressif.com
      require: private
      version: '>=5.0'
    source:
      registry_url: https://components.espressif.com/
      type: service
    version: 1.0.2-beta
  idf:
    source:
      type: idf
    version: 5.4.0
direct_dependencies:
- espressif/esp-idf-cxx
- idf
manifest_hash: 56ed3f7c5dad730458a02d47333825ab2614505c094541b35d9d041fd33d1625
target: esp32
version: 2.0.0
